
Microsoft Visual Studio Solution File, Format Version 12.00
# Visual Studio Version 17
VisualStudioVersion = 17.2.32516.85
MinimumVisualStudioVersion = 10.0.40219.1
Project("{FAE04EC0-301F-11D3-BF4B-00C04F79EFBC}") = "KafkaProducer", "KafkaProducer\KafkaProducer.csproj", "{AE4B758F-CACA-4A6A-921E-87A4543F1772}"
EndProject
Project("{FAE04EC0-301F-11D3-BF4B-00C04F79EFBC}") = "Comsumer1", "Comsumer1\Comsumer1.csproj", "{C49EB7A3-928D-457B-A61A-087CE1837ED8}"
EndProject
Project("{FAE04EC0-301F-11D3-BF4B-00C04F79EFBC}") = "Consumer2", "Consumer2\Consumer2.csproj", "{6A1E71E5-82CD-4364-B41F-21C799C9F203}"
EndProject
Global
	GlobalSection(SolutionConfigurationPlatforms) = preSolution
		Debug|Any CPU = Debug|Any CPU
		Release|Any CPU = Release|Any CPU
	EndGlobalSection
	GlobalSection(ProjectConfigurationPlatforms) = postSolution
		{AE4B758F-CACA-4A6A-921E-87A4543F1772}.Debug|Any CPU.ActiveCfg = Debug|Any CPU
		{AE4B758F-CACA-4A6A-921E-87A4543F1772}.Debug|Any CPU.Build.0 = Debug|Any CPU
		{AE4B758F-CACA-4A6A-921E-87A4543F1772}.Release|Any CPU.ActiveCfg = Release|Any CPU
		{AE4B758F-CACA-4A6A-921E-87A4543F1772}.Release|Any CPU.Build.0 = Release|Any CPU
		{C49EB7A3-928D-457B-A61A-087CE1837ED8}.Debug|Any CPU.ActiveCfg = Debug|Any CPU
		{C49EB7A3-928D-457B-A61A-087CE1837ED8}.Debug|Any CPU.Build.0 = Debug|Any CPU
		{C49EB7A3-928D-457B-A61A-087CE1837ED8}.Release|Any CPU.ActiveCfg = Release|Any CPU
		{C49EB7A3-928D-457B-A61A-087CE1837ED8}.Release|Any CPU.Build.0 = Release|Any CPU
		{6A1E71E5-82CD-4364-B41F-21C799C9F203}.Debug|Any CPU.ActiveCfg = Debug|Any CPU
		{6A1E71E5-82CD-4364-B41F-21C799C9F203}.Debug|Any CPU.Build.0 = Debug|Any CPU
		{6A1E71E5-82CD-4364-B41F-21C799C9F203}.Release|Any CPU.ActiveCfg = Release|Any CPU
		{6A1E71E5-82CD-4364-B41F-21C799C9F203}.Release|Any CPU.Build.0 = Release|Any CPU
	EndGlobalSection
	GlobalSection(SolutionProperties) = preSolution
		HideSolutionNode = FALSE
	EndGlobalSection
	GlobalSection(ExtensibilityGlobals) = postSolution
		SolutionGuid = {D386132A-C15E-4479-99B7-E073EFA6D20A}
	EndGlobalSection
EndGlobal
